PODS:
  - dynamic_sdk (0.0.1):
    - Flutter
  - dynamic_sdk_web3dart (0.0.1):
    - Flutter
  - Flutter (1.0.0)
  - flutter_web_auth_2 (3.0.0):
    - Flutter
  - url_launcher_ios (0.0.1):
    - Flutter
  - webview_flutter_wkwebview (0.0.1):
    - Flutter

DEPENDENCIES:
  - dynamic_sdk (from `.symlinks/plugins/dynamic_sdk/ios`)
  - dynamic_sdk_web3dart (from `.symlinks/plugins/dynamic_sdk_web3dart/ios`)
  - Flutter (from `Flutter`)
  - flutter_web_auth_2 (from `.symlinks/plugins/flutter_web_auth_2/ios`)
  - url_launcher_ios (from `.symlinks/plugins/url_launcher_ios/ios`)
  - webview_flutter_wkwebview (from `.symlinks/plugins/webview_flutter_wkwebview/ios`)

EXTERNAL SOURCES:
  dynamic_sdk:
    :path: ".symlinks/plugins/dynamic_sdk/ios"
  dynamic_sdk_web3dart:
    :path: ".symlinks/plugins/dynamic_sdk_web3dart/ios"
  Flutter:
    :path: Flutter
  flutter_web_auth_2:
    :path: ".symlinks/plugins/flutter_web_auth_2/ios"
  url_launcher_ios:
    :path: ".symlinks/plugins/url_launcher_ios/ios"
  webview_flutter_wkwebview:
    :path: ".symlinks/plugins/webview_flutter_wkwebview/ios"

SPEC CHECKSUMS:
  dynamic_sdk: e570ef103dc0b3088fccf5e43c3fa3ce4a1b935d
  dynamic_sdk_web3dart: 5b1fb6e46fd50c18cb603bc5e7b51d2843b21c5c
  Flutter: e0871f40cf51350855a761d2e70bf5af5b9b5de7
  flutter_web_auth_2: 051cf9f5dc366f31b5dcc4e2952c2b954767be8a
  url_launcher_ios: 5334b05cef931de560670eeae103fd3e431ac3fe
  webview_flutter_wkwebview: 2a23822e9039b7b1bc52e5add778e5d89ad488d1

PODFILE CHECKSUM: 819463e6a0290f5a72f145ba7cde16e8b6ef0796

COCOAPODS: 1.15.2
